<Solution>
  <Folder Name="/src/">
    <Project Path="src/DummyApp.StorageService.WebApi/DummyApp.StorageService.WebApi.csproj" />
    <Project Path="src/DummyApp.StorageService.Data/DummyApp.StorageService.Data.csproj" />
    <Project Path="src/DummyApp.StorageService.Infrastructure/DummyApp.StorageService.Infrastructure.csproj" />
  </Folder>
  <Folder Name="/tests/">
    <Project Path="tests/DummyApp.StorageService.Infrastructure.Tests/DummyApp.StorageService.Infrastructure.Tests.csproj" />
    <Project Path="tests/DummyApp.StorageService.WebApi.Tests/DummyApp.StorageService.WebApi.Tests.csproj" />
  </Folder>
</Solution>
